
Microsoft Visual Studio Solution File, Format Version 12.00
# Visual Studio 15
VisualStudioVersion = 15.0.27428.2043
MinimumVisualStudioVersion = 10.0.40219.1
Project("{FAE04EC0-301F-11D3-BF4B-00C04F79EFBC}") = "PiwaBackend.Api", "PiwaBackend.Api\PiwaBackend.Api.csproj", "{4C632220-EC04-4D7C-9DA8-E07AEC20C566}"
EndProject
Project("{FAE04EC0-301F-11D3-BF4B-00C04F79EFBC}") = "PiwaBackend.Data", "PiwaBackend.Data\PiwaBackend.Data.csproj", "{2405E4CB-D1FB-44E0-844B-1D83FC65C83E}"
EndProject
Project("{FAE04EC0-301F-11D3-BF4B-00C04F79EFBC}") = "PiwaBackend.Repository", "PiwaBackend.Repository\PiwaBackend.Repository.csproj", "{4C4282AF-FA27-440F-9D2B-6F3FF9479C59}"
EndProject
Project("{FAE04EC0-301F-11D3-BF4B-00C04F79EFBC}") = "PiwaBackend.Services", "PiwaBackend.Services\PiwaBackend.Services.csproj", "{992D33F2-9C39-43EC-AB81-5F1C2261F83C}"
EndProject
Global
	GlobalSection(SolutionConfigurationPlatforms) = preSolution
		Debug|Any CPU = Debug|Any CPU
		Release|Any CPU = Release|Any CPU
	EndGlobalSection
	GlobalSection(ProjectConfigurationPlatforms) = postSolution
		{4C632220-EC04-4D7C-9DA8-E07AEC20C566}.Debug|Any CPU.ActiveCfg = Debug|Any CPU
		{4C632220-EC04-4D7C-9DA8-E07AEC20C566}.Debug|Any CPU.Build.0 = Debug|Any CPU
		{4C632220-EC04-4D7C-9DA8-E07AEC20C566}.Release|Any CPU.ActiveCfg = Release|Any CPU
		{4C632220-EC04-4D7C-9DA8-E07AEC20C566}.Release|Any CPU.Build.0 = Release|Any CPU
		{2405E4CB-D1FB-44E0-844B-1D83FC65C83E}.Debug|Any CPU.ActiveCfg = Debug|Any CPU
		{2405E4CB-D1FB-44E0-844B-1D83FC65C83E}.Debug|Any CPU.Build.0 = Debug|Any CPU
		{2405E4CB-D1FB-44E0-844B-1D83FC65C83E}.Release|Any CPU.ActiveCfg = Release|Any CPU
		{2405E4CB-D1FB-44E0-844B-1D83FC65C83E}.Release|Any CPU.Build.0 = Release|Any CPU
		{4C4282AF-FA27-440F-9D2B-6F3FF9479C59}.Debug|Any CPU.ActiveCfg = Debug|Any CPU
		{4C4282AF-FA27-440F-9D2B-6F3FF9479C59}.Debug|Any CPU.Build.0 = Debug|Any CPU
		{4C4282AF-FA27-440F-9D2B-6F3FF9479C59}.Release|Any CPU.ActiveCfg = Release|Any CPU
		{4C4282AF-FA27-440F-9D2B-6F3FF9479C59}.Release|Any CPU.Build.0 = Release|Any CPU
		{992D33F2-9C39-43EC-AB81-5F1C2261F83C}.Debug|Any CPU.ActiveCfg = Debug|Any CPU
		{992D33F2-9C39-43EC-AB81-5F1C2261F83C}.Debug|Any CPU.Build.0 = Debug|Any CPU
		{992D33F2-9C39-43EC-AB81-5F1C2261F83C}.Release|Any CPU.ActiveCfg = Release|Any CPU
		{992D33F2-9C39-43EC-AB81-5F1C2261F83C}.Release|Any CPU.Build.0 = Release|Any CPU
	EndGlobalSection
	GlobalSection(SolutionProperties) = preSolution
		HideSolutionNode = FALSE
	EndGlobalSection
	GlobalSection(ExtensibilityGlobals) = postSolution
		SolutionGuid = {54696837-86E2-4AB7-B921-AA6C7D73F197}
	EndGlobalSection
EndGlobal
